
Microsoft Visual Studio Solution File, Format Version 12.00
# Visual Studio Version 16
VisualStudioVersion = 16.0.31624.102
MinimumVisualStudioVersion = 10.0.40219.1
Project("{F14B399A-7131-4C87-9E4B-1186C45EF12D}") = "Tutorial", "Tutorial\Tutorial.rptproj", "{00EFFACE-DF6F-484D-A446-E128272023F1}"
EndProject
Global
	GlobalSection(SolutionConfigurationPlatforms) = preSolution
		Debug|Default = Debug|Default
		DebugLocal|Default = DebugLocal|Default
		Release|Default = Release|Default
	EndGlobalSection
	GlobalSection(ProjectConfigurationPlatforms) = postSolution
		{00EFFACE-DF6F-484D-A446-E128272023F1}.Debug|Default.ActiveCfg = Debug
		{00EFFACE-DF6F-484D-A446-E128272023F1}.Debug|Default.Build.0 = Debug
		{00EFFACE-DF6F-484D-A446-E128272023F1}.Debug|Default.Deploy.0 = Debug
		{00EFFACE-DF6F-484D-A446-E128272023F1}.DebugLocal|Default.ActiveCfg = DebugLocal
		{00EFFACE-DF6F-484D-A446-E128272023F1}.DebugLocal|Default.Build.0 = DebugLocal
		{00EFFACE-DF6F-484D-A446-E128272023F1}.Release|Default.ActiveCfg = Release
		{00EFFACE-DF6F-484D-A446-E128272023F1}.Release|Default.Build.0 = Release
		{00EFFACE-DF6F-484D-A446-E128272023F1}.Release|Default.Deploy.0 = Release
	EndGlobalSection
	GlobalSection(SolutionProperties) = preSolution
		HideSolutionNode = FALSE
	EndGlobalSection
	GlobalSection(ExtensibilityGlobals) = postSolution
		SolutionGuid = {BA29DD41-029D-42B6-BA39-E3DE52932147}
	EndGlobalSection
EndGlobal
